
Microsoft Visual Studio Solution File, Format Version 9.00
# Visual Studio 2005
Project("{8BC9CEB8-8B4A-11D0-8D11-00A0C91BC942}") = "WinSystemLib", "WinSystemLib.vcproj", "{4EE1CFB9-DB66-4E57-B0A4-4C567FA1962A}"
EndProject
Project("{8BC9CEB8-8B4A-11D0-8D11-00A0C91BC942}") = "WinSystemSample32", "WinSystemSample32\WinSystemSample32.vcproj", "{37F6F974-C7E0-44E1-8445-B226650DBAF1}"
	ProjectSection(ProjectDependencies) = postProject
		{4EE1CFB9-DB66-4E57-B0A4-4C567FA1962A} = {4EE1CFB9-DB66-4E57-B0A4-4C567FA1962A}
		{BFAD9E9A-F51C-4498-86ED-6CA20031D699} = {BFAD9E9A-F51C-4498-86ED-6CA20031D699}
		{287ECC83-7837-4E07-B62F-73BDF10B6341} = {287ECC83-7837-4E07-B62F-73BDF10B6341}
		{1F26589B-FF9D-47A5-87FB-3D7041AD11CA} = {1F26589B-FF9D-47A5-87FB-3D7041AD11CA}
		{C89A6591-D5D7-45C1-9B10-CF89F10AF5B1} = {C89A6591-D5D7-45C1-9B10-CF89F10AF5B1}
	EndProjectSection
EndProject
Project("{8BC9CEB8-8B4A-11D0-8D11-00A0C91BC942}") = "WinSystemSample16", "WinSystemSample16\WinSystemSample16.vcproj", "{4B5AA1CD-26C9-43CC-BB26-24DBD6DA9ADC}"
	ProjectSection(ProjectDependencies) = postProject
		{287ECC83-7837-4E07-B62F-73BDF10B6341} = {287ECC83-7837-4E07-B62F-73BDF10B6341}
		{1F26589B-FF9D-47A5-87FB-3D7041AD11CA} = {1F26589B-FF9D-47A5-87FB-3D7041AD11CA}
		{C89A6591-D5D7-45C1-9B10-CF89F10AF5B1} = {C89A6591-D5D7-45C1-9B10-CF89F10AF5B1}
		{4EE1CFB9-DB66-4E57-B0A4-4C567FA1962A} = {4EE1CFB9-DB66-4E57-B0A4-4C567FA1962A}
		{BFAD9E9A-F51C-4498-86ED-6CA20031D699} = {BFAD9E9A-F51C-4498-86ED-6CA20031D699}
	EndProjectSection
EndProject
Project("{8BC9CEB8-8B4A-11D0-8D11-00A0C91BC942}") = "WinSystemSample", "WinSample\WinSample.vcproj", "{4BB5DB8A-1522-46EE-BD45-43C718DCE9D0}"
	ProjectSection(ProjectDependencies) = postProject
		{9D2EDB24-85D5-4979-83E2-F8B1176E83BF} = {9D2EDB24-85D5-4979-83E2-F8B1176E83BF}
		{1F26589B-FF9D-47A5-87FB-3D7041AD11CA} = {1F26589B-FF9D-47A5-87FB-3D7041AD11CA}
		{C89A6591-D5D7-45C1-9B10-CF89F10AF5B1} = {C89A6591-D5D7-45C1-9B10-CF89F10AF5B1}
		{E8893C8D-E97A-42C6-9602-99BC807255C8} = {E8893C8D-E97A-42C6-9602-99BC807255C8}
		{4EE1CFB9-DB66-4E57-B0A4-4C567FA1962A} = {4EE1CFB9-DB66-4E57-B0A4-4C567FA1962A}
		{BFAD9E9A-F51C-4498-86ED-6CA20031D699} = {BFAD9E9A-F51C-4498-86ED-6CA20031D699}
		{287ECC83-7837-4E07-B62F-73BDF10B6341} = {287ECC83-7837-4E07-B62F-73BDF10B6341}
	EndProjectSection
EndProject
Project("{8BC9CEB8-8B4A-11D0-8D11-00A0C91BC942}") = "GraphicsLib", "..\GraphicsLib\GraphicsLib.vcproj", "{9D2EDB24-85D5-4979-83E2-F8B1176E83BF}"
EndProject
Project("{8BC9CEB8-8B4A-11D0-8D11-00A0C91BC942}") = "c2lib", "..\@@c2lib\_workspace\c2lib.vcproj", "{BFAD9E9A-F51C-4498-86ED-6CA20031D699}"
EndProject
Project("{8BC9CEB8-8B4A-11D0-8D11-00A0C91BC942}") = "MathLib", "..\MathLib\MathLib.vcproj", "{E8893C8D-E97A-42C6-9602-99BC807255C8}"
EndProject
Project("{8BC9CEB8-8B4A-11D0-8D11-00A0C91BC942}") = "StringLib", "..\StringLib\StringLib.vcproj", "{287ECC83-7837-4E07-B62F-73BDF10B6341}"
EndProject
Project("{8BC9CEB8-8B4A-11D0-8D11-00A0C91BC942}") = "LogLib", "..\LogLib\LogLib.vcproj", "{C89A6591-D5D7-45C1-9B10-CF89F10AF5B1}"
EndProject
Project("{8BC9CEB8-8B4A-11D0-8D11-00A0C91BC942}") = "IoLib", "..\IoLib\IoLib.vcproj", "{BB458969-5AC9-4F24-8EC0-E0440CCFDA70}"
EndProject
Project("{8BC9CEB8-8B4A-11D0-8D11-00A0C91BC942}") = "DebugLib", "..\DebugLib\DebugLib.vcproj", "{1F26589B-FF9D-47A5-87FB-3D7041AD11CA}"
EndProject
Global
	GlobalSection(SolutionConfigurationPlatforms) = preSolution
		Debug|Win32 = Debug|Win32
		DebugDLL|Win32 = DebugDLL|Win32
		Release|Win32 = Release|Win32
		ReleaseDLL|Win32 = ReleaseDLL|Win32
	EndGlobalSection
	GlobalSection(ProjectConfigurationPlatforms) = postSolution
		{4EE1CFB9-DB66-4E57-B0A4-4C567FA1962A}.Debug|Win32.ActiveCfg = Debug|Win32
		{4EE1CFB9-DB66-4E57-B0A4-4C567FA1962A}.Debug|Win32.Build.0 = Debug|Win32
		{4EE1CFB9-DB66-4E57-B0A4-4C567FA1962A}.DebugDLL|Win32.ActiveCfg = DebugDLL|Win32
		{4EE1CFB9-DB66-4E57-B0A4-4C567FA1962A}.DebugDLL|Win32.Build.0 = DebugDLL|Win32
		{4EE1CFB9-DB66-4E57-B0A4-4C567FA1962A}.Release|Win32.ActiveCfg = Release|Win32
		{4EE1CFB9-DB66-4E57-B0A4-4C567FA1962A}.Release|Win32.Build.0 = Release|Win32
		{4EE1CFB9-DB66-4E57-B0A4-4C567FA1962A}.ReleaseDLL|Win32.ActiveCfg = ReleaseDLL|Win32
		{4EE1CFB9-DB66-4E57-B0A4-4C567FA1962A}.ReleaseDLL|Win32.Build.0 = ReleaseDLL|Win32
		{37F6F974-C7E0-44E1-8445-B226650DBAF1}.Debug|Win32.ActiveCfg = Debug|Win32
		{37F6F974-C7E0-44E1-8445-B226650DBAF1}.Debug|Win32.Build.0 = Debug|Win32
		{37F6F974-C7E0-44E1-8445-B226650DBAF1}.DebugDLL|Win32.ActiveCfg = DebugDLL|Win32
		{37F6F974-C7E0-44E1-8445-B226650DBAF1}.DebugDLL|Win32.Build.0 = DebugDLL|Win32
		{37F6F974-C7E0-44E1-8445-B226650DBAF1}.Release|Win32.ActiveCfg = Release|Win32
		{37F6F974-C7E0-44E1-8445-B226650DBAF1}.Release|Win32.Build.0 = Release|Win32
		{37F6F974-C7E0-44E1-8445-B226650DBAF1}.ReleaseDLL|Win32.ActiveCfg = ReleaseDLL|Win32
		{37F6F974-C7E0-44E1-8445-B226650DBAF1}.ReleaseDLL|Win32.Build.0 = ReleaseDLL|Win32
		{4B5AA1CD-26C9-43CC-BB26-24DBD6DA9ADC}.Debug|Win32.ActiveCfg = Debug|Win32
		{4B5AA1CD-26C9-43CC-BB26-24DBD6DA9ADC}.Debug|Win32.Build.0 = Debug|Win32
		{4B5AA1CD-26C9-43CC-BB26-24DBD6DA9ADC}.DebugDLL|Win32.ActiveCfg = DebugDLL|Win32
		{4B5AA1CD-26C9-43CC-BB26-24DBD6DA9ADC}.DebugDLL|Win32.Build.0 = DebugDLL|Win32
		{4B5AA1CD-26C9-43CC-BB26-24DBD6DA9ADC}.Release|Win32.ActiveCfg = Release|Win32
		{4B5AA1CD-26C9-43CC-BB26-24DBD6DA9ADC}.Release|Win32.Build.0 = Release|Win32
		{4B5AA1CD-26C9-43CC-BB26-24DBD6DA9ADC}.ReleaseDLL|Win32.ActiveCfg = ReleaseDLL|Win32
		{4B5AA1CD-26C9-43CC-BB26-24DBD6DA9ADC}.ReleaseDLL|Win32.Build.0 = ReleaseDLL|Win32
		{4BB5DB8A-1522-46EE-BD45-43C718DCE9D0}.Debug|Win32.ActiveCfg = Debug|Win32
		{4BB5DB8A-1522-46EE-BD45-43C718DCE9D0}.Debug|Win32.Build.0 = Debug|Win32
		{4BB5DB8A-1522-46EE-BD45-43C718DCE9D0}.DebugDLL|Win32.ActiveCfg = DebugDLL|Win32
		{4BB5DB8A-1522-46EE-BD45-43C718DCE9D0}.DebugDLL|Win32.Build.0 = DebugDLL|Win32
		{4BB5DB8A-1522-46EE-BD45-43C718DCE9D0}.Release|Win32.ActiveCfg = Release|Win32
		{4BB5DB8A-1522-46EE-BD45-43C718DCE9D0}.Release|Win32.Build.0 = Release|Win32
		{4BB5DB8A-1522-46EE-BD45-43C718DCE9D0}.ReleaseDLL|Win32.ActiveCfg = ReleaseDLL|Win32
		{4BB5DB8A-1522-46EE-BD45-43C718DCE9D0}.ReleaseDLL|Win32.Build.0 = ReleaseDLL|Win32
		{9D2EDB24-85D5-4979-83E2-F8B1176E83BF}.Debug|Win32.ActiveCfg = Debug|Win32
		{9D2EDB24-85D5-4979-83E2-F8B1176E83BF}.Debug|Win32.Build.0 = Debug|Win32
		{9D2EDB24-85D5-4979-83E2-F8B1176E83BF}.DebugDLL|Win32.ActiveCfg = DebugDLL|Win32
		{9D2EDB24-85D5-4979-83E2-F8B1176E83BF}.DebugDLL|Win32.Build.0 = DebugDLL|Win32
		{9D2EDB24-85D5-4979-83E2-F8B1176E83BF}.Release|Win32.ActiveCfg = Release|Win32
		{9D2EDB24-85D5-4979-83E2-F8B1176E83BF}.Release|Win32.Build.0 = Release|Win32
		{9D2EDB24-85D5-4979-83E2-F8B1176E83BF}.ReleaseDLL|Win32.ActiveCfg = ReleaseDLL|Win32
		{9D2EDB24-85D5-4979-83E2-F8B1176E83BF}.ReleaseDLL|Win32.Build.0 = ReleaseDLL|Win32
		{BFAD9E9A-F51C-4498-86ED-6CA20031D699}.Debug|Win32.ActiveCfg = Debug|Win32
		{BFAD9E9A-F51C-4498-86ED-6CA20031D699}.Debug|Win32.Build.0 = Debug|Win32
		{BFAD9E9A-F51C-4498-86ED-6CA20031D699}.DebugDLL|Win32.ActiveCfg = DebugDLL|Win32
		{BFAD9E9A-F51C-4498-86ED-6CA20031D699}.DebugDLL|Win32.Build.0 = DebugDLL|Win32
		{BFAD9E9A-F51C-4498-86ED-6CA20031D699}.Release|Win32.ActiveCfg = Release|Win32
		{BFAD9E9A-F51C-4498-86ED-6CA20031D699}.Release|Win32.Build.0 = Release|Win32
		{BFAD9E9A-F51C-4498-86ED-6CA20031D699}.ReleaseDLL|Win32.ActiveCfg = ReleaseDLL|Win32
		{BFAD9E9A-F51C-4498-86ED-6CA20031D699}.ReleaseDLL|Win32.Build.0 = ReleaseDLL|Win32
		{E8893C8D-E97A-42C6-9602-99BC807255C8}.Debug|Win32.ActiveCfg = Debug|Win32
		{E8893C8D-E97A-42C6-9602-99BC807255C8}.Debug|Win32.Build.0 = Debug|Win32
		{E8893C8D-E97A-42C6-9602-99BC807255C8}.DebugDLL|Win32.ActiveCfg = DebugDLL|Win32
		{E8893C8D-E97A-42C6-9602-99BC807255C8}.DebugDLL|Win32.Build.0 = DebugDLL|Win32
		{E8893C8D-E97A-42C6-9602-99BC807255C8}.Release|Win32.ActiveCfg = Release|Win32
		{E8893C8D-E97A-42C6-9602-99BC807255C8}.Release|Win32.Build.0 = Release|Win32
		{E8893C8D-E97A-42C6-9602-99BC807255C8}.ReleaseDLL|Win32.ActiveCfg = ReleaseDLL|Win32
		{E8893C8D-E97A-42C6-9602-99BC807255C8}.ReleaseDLL|Win32.Build.0 = ReleaseDLL|Win32
		{287ECC83-7837-4E07-B62F-73BDF10B6341}.Debug|Win32.ActiveCfg = Debug|Win32
		{287ECC83-7837-4E07-B62F-73BDF10B6341}.Debug|Win32.Build.0 = Debug|Win32
		{287ECC83-7837-4E07-B62F-73BDF10B6341}.DebugDLL|Win32.ActiveCfg = DebugDLL|Win32
		{287ECC83-7837-4E07-B62F-73BDF10B6341}.DebugDLL|Win32.Build.0 = DebugDLL|Win32
		{287ECC83-7837-4E07-B62F-73BDF10B6341}.Release|Win32.ActiveCfg = Release|Win32
		{287ECC83-7837-4E07-B62F-73BDF10B6341}.Release|Win32.Build.0 = Release|Win32
		{287ECC83-7837-4E07-B62F-73BDF10B6341}.ReleaseDLL|Win32.ActiveCfg = ReleaseDLL|Win32
		{287ECC83-7837-4E07-B62F-73BDF10B6341}.ReleaseDLL|Win32.Build.0 = ReleaseDLL|Win32
		{C89A6591-D5D7-45C1-9B10-CF89F10AF5B1}.Debug|Win32.ActiveCfg = Debug|Win32
		{C89A6591-D5D7-45C1-9B10-CF89F10AF5B1}.Debug|Win32.Build.0 = Debug|Win32
		{C89A6591-D5D7-45C1-9B10-CF89F10AF5B1}.DebugDLL|Win32.ActiveCfg = DebugDLL|Win32
		{C89A6591-D5D7-45C1-9B10-CF89F10AF5B1}.DebugDLL|Win32.Build.0 = DebugDLL|Win32
		{C89A6591-D5D7-45C1-9B10-CF89F10AF5B1}.Release|Win32.ActiveCfg = Release|Win32
		{C89A6591-D5D7-45C1-9B10-CF89F10AF5B1}.Release|Win32.Build.0 = Release|Win32
		{C89A6591-D5D7-45C1-9B10-CF89F10AF5B1}.ReleaseDLL|Win32.ActiveCfg = ReleaseDLL|Win32
		{C89A6591-D5D7-45C1-9B10-CF89F10AF5B1}.ReleaseDLL|Win32.Build.0 = ReleaseDLL|Win32
		{BB458969-5AC9-4F24-8EC0-E0440CCFDA70}.Debug|Win32.ActiveCfg = Debug|Win32
		{BB458969-5AC9-4F24-8EC0-E0440CCFDA70}.Debug|Win32.Build.0 = Debug|Win32
		{BB458969-5AC9-4F24-8EC0-E0440CCFDA70}.DebugDLL|Win32.ActiveCfg = DebugDLL|Win32
		{BB458969-5AC9-4F24-8EC0-E0440CCFDA70}.DebugDLL|Win32.Build.0 = DebugDLL|Win32
		{BB458969-5AC9-4F24-8EC0-E0440CCFDA70}.Release|Win32.ActiveCfg = Release|Win32
		{BB458969-5AC9-4F24-8EC0-E0440CCFDA70}.Release|Win32.Build.0 = Release|Win32
		{BB458969-5AC9-4F24-8EC0-E0440CCFDA70}.ReleaseDLL|Win32.ActiveCfg = ReleaseDLL|Win32
		{BB458969-5AC9-4F24-8EC0-E0440CCFDA70}.ReleaseDLL|Win32.Build.0 = ReleaseDLL|Win32
		{1F26589B-FF9D-47A5-87FB-3D7041AD11CA}.Debug|Win32.ActiveCfg = Debug|Win32
		{1F26589B-FF9D-47A5-87FB-3D7041AD11CA}.Debug|Win32.Build.0 = Debug|Win32
		{1F26589B-FF9D-47A5-87FB-3D7041AD11CA}.DebugDLL|Win32.ActiveCfg = DebugDLL|Win32
		{1F26589B-FF9D-47A5-87FB-3D7041AD11CA}.DebugDLL|Win32.Build.0 = DebugDLL|Win32
		{1F26589B-FF9D-47A5-87FB-3D7041AD11CA}.Release|Win32.ActiveCfg = Release|Win32
		{1F26589B-FF9D-47A5-87FB-3D7041AD11CA}.Release|Win32.Build.0 = Release|Win32
		{1F26589B-FF9D-47A5-87FB-3D7041AD11CA}.ReleaseDLL|Win32.ActiveCfg = ReleaseDLL|Win32
		{1F26589B-FF9D-47A5-87FB-3D7041AD11CA}.ReleaseDLL|Win32.Build.0 = ReleaseDLL|Win32
	EndGlobalSection
	GlobalSection(SolutionProperties) = preSolution
		HideSolutionNode = FALSE
	EndGlobalSection
EndGlobal
