<?xml version="1.0" encoding="utf-8"?>
<Project ToolsVersion="4.0" xmlns="http://schemas.microsoft.com/developer/msbuild/2003">
  <ItemGroup>
    <Filter Include="分離可">
      <UniqueIdentifier>{25ac1fd4-a447-4735-a71c-f4b03e317b5f}</UniqueIdentifier>
    </Filter>
    <Filter Include="分離可\game">
      <UniqueIdentifier>{6624a6e8-a818-47f1-9366-9d4a76f6ba20}</UniqueIdentifier>
    </Filter>
    <Filter Include="分離可\opengl">
      <UniqueIdentifier>{e8343439-9635-412c-9ff7-ee1bbf3bc7db}</UniqueIdentifier>
    </Filter>
    <Filter Include="分離可\opengl\math">
      <UniqueIdentifier>{59610e61-8a3c-421a-a488-db660a63c463}</UniqueIdentifier>
    </Filter>
    <Filter Include="分離可\media">
      <UniqueIdentifier>{6cfdcb39-6226-4e0d-91ea-e844aac34c6c}</UniqueIdentifier>
    </Filter>
    <Filter Include="基本">
      <UniqueIdentifier>{499c75d1-7b48-4d12-b5bd-dd3f96d8ed5e}</UniqueIdentifier>
    </Filter>
    <Filter Include="基本\id">
      <UniqueIdentifier>{b54bc054-c04b-4c10-bf1b-1ed4b47abe1f}</UniqueIdentifier>
    </Filter>
    <Filter Include="基本\sdk">
      <UniqueIdentifier>{8640f765-da2f-415c-ac28-22e8d685a5e4}</UniqueIdentifier>
    </Filter>
    <Filter Include="基本\std">
      <UniqueIdentifier>{855d7ed8-da99-4f61-8c0f-2277a30d0628}</UniqueIdentifier>
    </Filter>
    <Filter Include="基本\util">
      <UniqueIdentifier>{ac62aa46-52a5-4202-992e-6d69f69c4e10}</UniqueIdentifier>
    </Filter>
    <Filter Include="基本\util\base">
      <UniqueIdentifier>{fe70f5f6-f3dc-4bf9-8fe4-d2461e5d78d8}</UniqueIdentifier>
    </Filter>
    <Filter Include="基本\util\value">
      <UniqueIdentifier>{1836a381-a770-4fa5-89cb-f2155a20d6e1}</UniqueIdentifier>
    </Filter>
    <Filter Include="基本\util\consle">
      <UniqueIdentifier>{a51e3e21-a877-4366-899d-57ecd6f9a6f9}</UniqueIdentifier>
    </Filter>
    <Filter Include="基本\util\container">
      <UniqueIdentifier>{0074d2c2-3547-4d75-b405-92441636ca29}</UniqueIdentifier>
    </Filter>
    <Filter Include="基本\util\conf">
      <UniqueIdentifier>{25423a04-3738-4628-bb79-b65f91b4e193}</UniqueIdentifier>
    </Filter>
    <Filter Include="基本\design">
      <UniqueIdentifier>{a439ef60-7735-4b4c-89d2-702ecc080eac}</UniqueIdentifier>
    </Filter>
    <Filter Include="基本\design\chain">
      <UniqueIdentifier>{fafe2142-708e-414f-bd89-f9e31f915302}</UniqueIdentifier>
    </Filter>
    <Filter Include="基本\common">
      <UniqueIdentifier>{93995380-89BD-4b04-88EB-625FBE52EBFB}</UniqueIdentifier>
    </Filter>
    <Filter Include="old">
      <UniqueIdentifier>{9aea7f1e-3688-4f6d-a856-7d4a33086f9f}</UniqueIdentifier>
    </Filter>
  </ItemGroup>
  <ItemGroup>
    <ClCompile Include="src\game\Sprite.cpp">
      <Filter>分離可\game</Filter>
    </ClCompile>
    <ClCompile Include="src\opengl\math\Vec3.cpp">
      <Filter>分離可\opengl\math</Filter>
    </ClCompile>
    <ClCompile Include="src\media\MciSound.cpp">
      <Filter>分離可\media</Filter>
    </ClCompile>
    <ClCompile Include="src\std\mem.cpp">
      <Filter>基本\std</Filter>
    </ClCompile>
    <ClCompile Include="src\std\myexception.cpp">
      <Filter>基本\std</Filter>
    </ClCompile>
    <ClCompile Include="src\std\StdError.cpp">
      <Filter>基本\std</Filter>
    </ClCompile>
    <ClCompile Include="src\util\BitSet.cpp">
      <Filter>基本\util</Filter>
    </ClCompile>
    <ClCompile Include="src\util\CCommandLine.cpp">
      <Filter>基本\util</Filter>
    </ClCompile>
    <ClCompile Include="src\util\CCommandLine_Old.cpp">
      <Filter>基本\util</Filter>
    </ClCompile>
    <ClCompile Include="src\util\CDateTime.cpp">
      <Filter>基本\util</Filter>
    </ClCompile>
    <ClCompile Include="src\util\CIdGenerator.cpp">
      <Filter>基本\util</Filter>
    </ClCompile>
    <ClCompile Include="src\util\CIntFormat.cpp">
      <Filter>基本\util</Filter>
    </ClCompile>
    <ClCompile Include="src\util\CPersonalTime.cpp">
      <Filter>基本\util</Filter>
    </ClCompile>
    <ClCompile Include="src\util\file.cpp">
      <Filter>基本\util</Filter>
    </ClCompile>
    <ClCompile Include="src\util\mem.cpp">
      <Filter>基本\util</Filter>
    </ClCompile>
    <ClCompile Include="src\util\rand.cpp">
      <Filter>基本\util</Filter>
    </ClCompile>
    <ClCompile Include="src\util\SingleCursor.cpp">
      <Filter>基本\util</Filter>
    </ClCompile>
    <ClCompile Include="src\util\std.cpp">
      <Filter>基本\util</Filter>
    </ClCompile>
    <ClCompile Include="src\util\TimeWatch.cpp">
      <Filter>基本\util</Filter>
    </ClCompile>
    <ClCompile Include="src\util\Input.cpp">
      <Filter>基本\util\consle</Filter>
    </ClCompile>
    <ClCompile Include="src\util\CIniFile.cpp">
      <Filter>基本\util\conf</Filter>
    </ClCompile>
    <ClCompile Include="src\util\CJson.cpp">
      <Filter>基本\util\conf</Filter>
    </ClCompile>
    <ClCompile Include="src\design\_design_test.cpp">
      <Filter>基本\design</Filter>
    </ClCompile>
    <ClCompile Include="src\design\CNamable.cpp">
      <Filter>基本\design</Filter>
    </ClCompile>
    <ClCompile Include="src\design\CObserver.cpp">
      <Filter>基本\design</Filter>
    </ClCompile>
    <ClCompile Include="src\common\CAppInfo.cpp">
      <Filter>基本\common</Filter>
    </ClCompile>
    <ClCompile Include="src\common\sys.cpp">
      <Filter>基本\common</Filter>
    </ClCompile>
    <ClCompile Include="src\util\CConfFile.cpp">
      <Filter>基本\util\conf</Filter>
    </ClCompile>
    <ClCompile Include="src\util\array.cpp">
      <Filter>基本\util</Filter>
    </ClCompile>
    <ClCompile Include="src\old\c_IDManager.cpp">
      <Filter>old</Filter>
    </ClCompile>
    <ClCompile Include="src\old\c_JavaFileStream.cpp">
      <Filter>old</Filter>
    </ClCompile>
    <ClCompile Include="src\old\f_base.cpp">
      <Filter>old</Filter>
    </ClCompile>
    <ClCompile Include="src\old\f_java.cpp">
      <Filter>old</Filter>
    </ClCompile>
    <ClCompile Include="src\old\t_test.cpp">
      <Filter>old</Filter>
    </ClCompile>
    <ClCompile Include="src\old\t_test2.cpp">
      <Filter>old</Filter>
    </ClCompile>
  </ItemGroup>
  <ItemGroup>
    <ClInclude Include="src\game\Sprite.h">
      <Filter>分離可\game</Filter>
    </ClInclude>
    <ClInclude Include="src\opengl\math\Vec3.h">
      <Filter>分離可\opengl\math</Filter>
    </ClInclude>
    <ClInclude Include="src\media\MciSound.h">
      <Filter>分離可\media</Filter>
    </ClInclude>
    <ClInclude Include="src\id\class.h">
      <Filter>基本\id</Filter>
    </ClInclude>
    <ClInclude Include="src\id\error.h">
      <Filter>基本\id</Filter>
    </ClInclude>
    <ClInclude Include="src\id\menu.h">
      <Filter>基本\id</Filter>
    </ClInclude>
    <ClInclude Include="src\id\res.h">
      <Filter>基本\id</Filter>
    </ClInclude>
    <ClInclude Include="src\sdk\lib_win.h">
      <Filter>基本\sdk</Filter>
    </ClInclude>
    <ClInclude Include="src\sdk\libfwd_win.h">
      <Filter>基本\sdk</Filter>
    </ClInclude>
    <ClInclude Include="src\std\_required.h">
      <Filter>基本\std</Filter>
    </ClInclude>
    <ClInclude Include="src\std\mem.h">
      <Filter>基本\std</Filter>
    </ClInclude>
    <ClInclude Include="src\std\myexception.h">
      <Filter>基本\std</Filter>
    </ClInclude>
    <ClInclude Include="src\std\StdError.h">
      <Filter>基本\std</Filter>
    </ClInclude>
    <ClInclude Include="src\util\_required.h">
      <Filter>基本\util</Filter>
    </ClInclude>
    <ClInclude Include="src\util\AbTable.h">
      <Filter>基本\util</Filter>
    </ClInclude>
    <ClInclude Include="src\util\array.h">
      <Filter>基本\util</Filter>
    </ClInclude>
    <ClInclude Include="src\util\BitSet.h">
      <Filter>基本\util</Filter>
    </ClInclude>
    <ClInclude Include="src\util\CCommandLine.h">
      <Filter>基本\util</Filter>
    </ClInclude>
    <ClInclude Include="src\util\CCommandLine_Old.h">
      <Filter>基本\util</Filter>
    </ClInclude>
    <ClInclude Include="src\util\CDateTime.h">
      <Filter>基本\util</Filter>
    </ClInclude>
    <ClInclude Include="src\util\CIdGenerator.h">
      <Filter>基本\util</Filter>
    </ClInclude>
    <ClInclude Include="src\util\CIntFormat.h">
      <Filter>基本\util</Filter>
    </ClInclude>
    <ClInclude Include="src\util\CPersonalTime.h">
      <Filter>基本\util</Filter>
    </ClInclude>
    <ClInclude Include="src\util\file.h">
      <Filter>基本\util</Filter>
    </ClInclude>
    <ClInclude Include="src\util\mem.h">
      <Filter>基本\util</Filter>
    </ClInclude>
    <ClInclude Include="src\util\rand.h">
      <Filter>基本\util</Filter>
    </ClInclude>
    <ClInclude Include="src\util\SingleCursor.h">
      <Filter>基本\util</Filter>
    </ClInclude>
    <ClInclude Include="src\util\static_vector.h">
      <Filter>基本\util</Filter>
    </ClInclude>
    <ClInclude Include="src\util\std.h">
      <Filter>基本\util</Filter>
    </ClInclude>
    <ClInclude Include="src\util\TimeWatch.h">
      <Filter>基本\util</Filter>
    </ClInclude>
    <ClInclude Include="src\util\base\Obj2.h">
      <Filter>基本\util\base</Filter>
    </ClInclude>
    <ClInclude Include="src\util\base\Obj3.h">
      <Filter>基本\util\base</Filter>
    </ClInclude>
    <ClInclude Include="src\util\loop.h">
      <Filter>基本\util\value</Filter>
    </ClInclude>
    <ClInclude Include="src\util\Input.h">
      <Filter>基本\util\consle</Filter>
    </ClInclude>
    <ClInclude Include="src\util\list_ex.h">
      <Filter>基本\util\container</Filter>
    </ClInclude>
    <ClInclude Include="src\util\TStaticQueue.h">
      <Filter>基本\util\container</Filter>
    </ClInclude>
    <ClInclude Include="src\util\vector_ex.h">
      <Filter>基本\util\container</Filter>
    </ClInclude>
    <ClInclude Include="src\util\CIniFile.h">
      <Filter>基本\util\conf</Filter>
    </ClInclude>
    <ClInclude Include="src\util\CJson.h">
      <Filter>基本\util\conf</Filter>
    </ClInclude>
    <ClInclude Include="src\design\CNamable.h">
      <Filter>基本\design</Filter>
    </ClInclude>
    <ClInclude Include="src\design\CObserver.h">
      <Filter>基本\design</Filter>
    </ClInclude>
    <ClInclude Include="src\design\DefOrClass.h">
      <Filter>基本\design</Filter>
    </ClInclude>
    <ClInclude Include="src\design\THeap.h">
      <Filter>基本\design</Filter>
    </ClInclude>
    <ClInclude Include="src\design\TInstanceHolder.h">
      <Filter>基本\design</Filter>
    </ClInclude>
    <ClInclude Include="src\design\TSingleInstance.h">
      <Filter>基本\design</Filter>
    </ClInclude>
    <ClInclude Include="src\design\TSingleton.h">
      <Filter>基本\design</Filter>
    </ClInclude>
    <ClInclude Include="src\design\Chain.h">
      <Filter>基本\design\chain</Filter>
    </ClInclude>
    <ClInclude Include="src\design\ChainEx.h">
      <Filter>基本\design\chain</Filter>
    </ClInclude>
    <ClInclude Include="src\util\SimpleChain.h">
      <Filter>基本\design\chain</Filter>
    </ClInclude>
    <ClInclude Include="src\design\TChain.h">
      <Filter>基本\design\chain</Filter>
    </ClInclude>
    <ClInclude Include="src\common\_required.h">
      <Filter>基本\common</Filter>
    </ClInclude>
    <ClInclude Include="src\common\CAppInfo.h">
      <Filter>基本\common</Filter>
    </ClInclude>
    <ClInclude Include="src\common\sys.h">
      <Filter>基本\common</Filter>
    </ClInclude>
    <ClInclude Include="src\util\CConfFile.h">
      <Filter>基本\util\conf</Filter>
    </ClInclude>
    <ClInclude Include="src\old\c_IDManager.h">
      <Filter>old</Filter>
    </ClInclude>
    <ClInclude Include="src\old\c_JavaFileStream.h">
      <Filter>old</Filter>
    </ClInclude>
    <ClInclude Include="src\old\f_base.h">
      <Filter>old</Filter>
    </ClInclude>
    <ClInclude Include="src\old\f_java.h">
      <Filter>old</Filter>
    </ClInclude>
    <ClInclude Include="src\old\include_c.h">
      <Filter>old</Filter>
    </ClInclude>
    <ClInclude Include="src\old\include_c_message.h">
      <Filter>old</Filter>
    </ClInclude>
    <ClInclude Include="src\old\include_c_window.h">
      <Filter>old</Filter>
    </ClInclude>
    <ClInclude Include="src\old\include_com.h">
      <Filter>old</Filter>
    </ClInclude>
    <ClInclude Include="src\old\include_f.h">
      <Filter>old</Filter>
    </ClInclude>
    <ClInclude Include="src\old\include_id.h">
      <Filter>old</Filter>
    </ClInclude>
    <ClInclude Include="src\old\include_stl.h">
      <Filter>old</Filter>
    </ClInclude>
    <ClInclude Include="src\old\include_sys.h">
      <Filter>old</Filter>
    </ClInclude>
    <ClInclude Include="src\old\include_t.h">
      <Filter>old</Filter>
    </ClInclude>
    <ClInclude Include="src\old\stl_ex_vector.h">
      <Filter>old</Filter>
    </ClInclude>
    <ClInclude Include="src\old\t_base.h">
      <Filter>old</Filter>
    </ClInclude>
    <ClInclude Include="src\old\t_Chain.h">
      <Filter>old</Filter>
    </ClInclude>
    <ClInclude Include="src\old\t_Chain2.h">
      <Filter>old</Filter>
    </ClInclude>
    <ClInclude Include="src\old\t_Chain3.h">
      <Filter>old</Filter>
    </ClInclude>
    <ClInclude Include="src\old\t_SimpleList.h">
      <Filter>old</Filter>
    </ClInclude>
    <ClInclude Include="src\old\t_Table2D.h">
      <Filter>old</Filter>
    </ClInclude>
    <ClInclude Include="src\old\type.h">
      <Filter>old</Filter>
    </ClInclude>
    <ClInclude Include="BaseLib.h" />
  </ItemGroup>
</Project>