
Microsoft Visual Studio Solution File, Format Version 9.00
# Visual Studio 2005
Project("{8BC9CEB8-8B4A-11D0-8D11-00A0C91BC942}") = "GraphicsLib", "GraphicsLib.vcproj", "{9D2EDB24-85D5-4979-83E2-F8B1176E83BF}"
EndProject
Project("{8BC9CEB8-8B4A-11D0-8D11-00A0C91BC942}") = "GraphicsSample", "GraphicsSample\GraphicsSample.vcproj", "{37F6F974-C7E0-44E1-8445-B226650DBAF1}"
EndProject
Global
	GlobalSection(SolutionConfigurationPlatforms) = preSolution
		Debug|Win32 = Debug|Win32
		DebugDLL|Win32 = DebugDLL|Win32
		Release|Win32 = Release|Win32
		ReleaseDLL|Win32 = ReleaseDLL|Win32
	EndGlobalSection
	GlobalSection(ProjectConfigurationPlatforms) = postSolution
		{9D2EDB24-85D5-4979-83E2-F8B1176E83BF}.Debug|Win32.ActiveCfg = Debug|Win32
		{9D2EDB24-85D5-4979-83E2-F8B1176E83BF}.Debug|Win32.Build.0 = Debug|Win32
		{9D2EDB24-85D5-4979-83E2-F8B1176E83BF}.DebugDLL|Win32.ActiveCfg = DebugDLL|Win32
		{9D2EDB24-85D5-4979-83E2-F8B1176E83BF}.DebugDLL|Win32.Build.0 = DebugDLL|Win32
		{9D2EDB24-85D5-4979-83E2-F8B1176E83BF}.Release|Win32.ActiveCfg = Release|Win32
		{9D2EDB24-85D5-4979-83E2-F8B1176E83BF}.Release|Win32.Build.0 = Release|Win32
		{9D2EDB24-85D5-4979-83E2-F8B1176E83BF}.ReleaseDLL|Win32.ActiveCfg = ReleaseDLL|Win32
		{9D2EDB24-85D5-4979-83E2-F8B1176E83BF}.ReleaseDLL|Win32.Build.0 = ReleaseDLL|Win32
		{37F6F974-C7E0-44E1-8445-B226650DBAF1}.Debug|Win32.ActiveCfg = Debug|Win32
		{37F6F974-C7E0-44E1-8445-B226650DBAF1}.Debug|Win32.Build.0 = Debug|Win32
		{37F6F974-C7E0-44E1-8445-B226650DBAF1}.DebugDLL|Win32.ActiveCfg = DebugDLL|Win32
		{37F6F974-C7E0-44E1-8445-B226650DBAF1}.DebugDLL|Win32.Build.0 = DebugDLL|Win32
		{37F6F974-C7E0-44E1-8445-B226650DBAF1}.Release|Win32.ActiveCfg = Release|Win32
		{37F6F974-C7E0-44E1-8445-B226650DBAF1}.Release|Win32.Build.0 = Release|Win32
		{37F6F974-C7E0-44E1-8445-B226650DBAF1}.ReleaseDLL|Win32.ActiveCfg = ReleaseDLL|Win32
		{37F6F974-C7E0-44E1-8445-B226650DBAF1}.ReleaseDLL|Win32.Build.0 = ReleaseDLL|Win32
	EndGlobalSection
	GlobalSection(SolutionProperties) = preSolution
		HideSolutionNode = FALSE
	EndGlobalSection
EndGlobal
