
Microsoft Visual Studio Solution File, Format Version 9.00
# Visual Studio 2005
Project("{8BC9CEB8-8B4A-11D0-8D11-00A0C91BC942}") = "StringLib", "StringLib.vcproj", "{287ECC83-7837-4E07-B62F-73BDF10B6341}"
EndProject
Project("{8BC9CEB8-8B4A-11D0-8D11-00A0C91BC942}") = "StringSample", "StringSample\StringSample.vcproj", "{8E3D7907-67AD-4FA0-A510-6D5349F514EF}"
	ProjectSection(ProjectDependencies) = postProject
		{BB458969-5AC9-4F24-8EC0-E0440CCFDA70} = {BB458969-5AC9-4F24-8EC0-E0440CCFDA70}
		{1F26589B-FF9D-47A5-87FB-3D7041AD11CA} = {1F26589B-FF9D-47A5-87FB-3D7041AD11CA}
		{C89A6591-D5D7-45C1-9B10-CF89F10AF5B1} = {C89A6591-D5D7-45C1-9B10-CF89F10AF5B1}
		{BFAD9E9A-F51C-4498-86ED-6CA20031D699} = {BFAD9E9A-F51C-4498-86ED-6CA20031D699}
		{287ECC83-7837-4E07-B62F-73BDF10B6341} = {287ECC83-7837-4E07-B62F-73BDF10B6341}
	EndProjectSection
EndProject
Project("{8BC9CEB8-8B4A-11D0-8D11-00A0C91BC942}") = "c2lib", "..\@@c2lib\_workspace\c2lib.vcproj", "{BFAD9E9A-F51C-4498-86ED-6CA20031D699}"
EndProject
Project("{8BC9CEB8-8B4A-11D0-8D11-00A0C91BC942}") = "LogLib", "..\LogLib\LogLib.vcproj", "{C89A6591-D5D7-45C1-9B10-CF89F10AF5B1}"
EndProject
Project("{8BC9CEB8-8B4A-11D0-8D11-00A0C91BC942}") = "IoLib", "..\IoLib\IoLib.vcproj", "{BB458969-5AC9-4F24-8EC0-E0440CCFDA70}"
EndProject
Project("{8BC9CEB8-8B4A-11D0-8D11-00A0C91BC942}") = "DebugLib", "..\DebugLib\DebugLib.vcproj", "{1F26589B-FF9D-47A5-87FB-3D7041AD11CA}"
EndProject
Global
	GlobalSection(SolutionConfigurationPlatforms) = preSolution
		Debug|Win32 = Debug|Win32
		DebugDLL|Win32 = DebugDLL|Win32
		Release|Win32 = Release|Win32
		ReleaseDLL|Win32 = ReleaseDLL|Win32
	EndGlobalSection
	GlobalSection(ProjectConfigurationPlatforms) = postSolution
		{287ECC83-7837-4E07-B62F-73BDF10B6341}.Debug|Win32.ActiveCfg = Debug|Win32
		{287ECC83-7837-4E07-B62F-73BDF10B6341}.Debug|Win32.Build.0 = Debug|Win32
		{287ECC83-7837-4E07-B62F-73BDF10B6341}.DebugDLL|Win32.ActiveCfg = DebugDLL|Win32
		{287ECC83-7837-4E07-B62F-73BDF10B6341}.DebugDLL|Win32.Build.0 = DebugDLL|Win32
		{287ECC83-7837-4E07-B62F-73BDF10B6341}.Release|Win32.ActiveCfg = Release|Win32
		{287ECC83-7837-4E07-B62F-73BDF10B6341}.Release|Win32.Build.0 = Release|Win32
		{287ECC83-7837-4E07-B62F-73BDF10B6341}.ReleaseDLL|Win32.ActiveCfg = ReleaseDLL|Win32
		{287ECC83-7837-4E07-B62F-73BDF10B6341}.ReleaseDLL|Win32.Build.0 = ReleaseDLL|Win32
		{8E3D7907-67AD-4FA0-A510-6D5349F514EF}.Debug|Win32.ActiveCfg = Debug|Win32
		{8E3D7907-67AD-4FA0-A510-6D5349F514EF}.Debug|Win32.Build.0 = Debug|Win32
		{8E3D7907-67AD-4FA0-A510-6D5349F514EF}.DebugDLL|Win32.ActiveCfg = DebugDLL|Win32
		{8E3D7907-67AD-4FA0-A510-6D5349F514EF}.DebugDLL|Win32.Build.0 = DebugDLL|Win32
		{8E3D7907-67AD-4FA0-A510-6D5349F514EF}.Release|Win32.ActiveCfg = Release|Win32
		{8E3D7907-67AD-4FA0-A510-6D5349F514EF}.Release|Win32.Build.0 = Release|Win32
		{8E3D7907-67AD-4FA0-A510-6D5349F514EF}.ReleaseDLL|Win32.ActiveCfg = ReleaseDLL|Win32
		{8E3D7907-67AD-4FA0-A510-6D5349F514EF}.ReleaseDLL|Win32.Build.0 = ReleaseDLL|Win32
		{BFAD9E9A-F51C-4498-86ED-6CA20031D699}.Debug|Win32.ActiveCfg = Debug|Win32
		{BFAD9E9A-F51C-4498-86ED-6CA20031D699}.Debug|Win32.Build.0 = Debug|Win32
		{BFAD9E9A-F51C-4498-86ED-6CA20031D699}.DebugDLL|Win32.ActiveCfg = DebugDLL|Win32
		{BFAD9E9A-F51C-4498-86ED-6CA20031D699}.DebugDLL|Win32.Build.0 = DebugDLL|Win32
		{BFAD9E9A-F51C-4498-86ED-6CA20031D699}.Release|Win32.ActiveCfg = Release|Win32
		{BFAD9E9A-F51C-4498-86ED-6CA20031D699}.Release|Win32.Build.0 = Release|Win32
		{BFAD9E9A-F51C-4498-86ED-6CA20031D699}.ReleaseDLL|Win32.ActiveCfg = ReleaseDLL|Win32
		{BFAD9E9A-F51C-4498-86ED-6CA20031D699}.ReleaseDLL|Win32.Build.0 = ReleaseDLL|Win32
		{C89A6591-D5D7-45C1-9B10-CF89F10AF5B1}.Debug|Win32.ActiveCfg = Debug|Win32
		{C89A6591-D5D7-45C1-9B10-CF89F10AF5B1}.Debug|Win32.Build.0 = Debug|Win32
		{C89A6591-D5D7-45C1-9B10-CF89F10AF5B1}.DebugDLL|Win32.ActiveCfg = DebugDLL|Win32
		{C89A6591-D5D7-45C1-9B10-CF89F10AF5B1}.DebugDLL|Win32.Build.0 = DebugDLL|Win32
		{C89A6591-D5D7-45C1-9B10-CF89F10AF5B1}.Release|Win32.ActiveCfg = Release|Win32
		{C89A6591-D5D7-45C1-9B10-CF89F10AF5B1}.Release|Win32.Build.0 = Release|Win32
		{C89A6591-D5D7-45C1-9B10-CF89F10AF5B1}.ReleaseDLL|Win32.ActiveCfg = ReleaseDLL|Win32
		{C89A6591-D5D7-45C1-9B10-CF89F10AF5B1}.ReleaseDLL|Win32.Build.0 = ReleaseDLL|Win32
		{BB458969-5AC9-4F24-8EC0-E0440CCFDA70}.Debug|Win32.ActiveCfg = Debug|Win32
		{BB458969-5AC9-4F24-8EC0-E0440CCFDA70}.Debug|Win32.Build.0 = Debug|Win32
		{BB458969-5AC9-4F24-8EC0-E0440CCFDA70}.DebugDLL|Win32.ActiveCfg = DebugDLL|Win32
		{BB458969-5AC9-4F24-8EC0-E0440CCFDA70}.DebugDLL|Win32.Build.0 = DebugDLL|Win32
		{BB458969-5AC9-4F24-8EC0-E0440CCFDA70}.Release|Win32.ActiveCfg = Release|Win32
		{BB458969-5AC9-4F24-8EC0-E0440CCFDA70}.Release|Win32.Build.0 = Release|Win32
		{BB458969-5AC9-4F24-8EC0-E0440CCFDA70}.ReleaseDLL|Win32.ActiveCfg = ReleaseDLL|Win32
		{BB458969-5AC9-4F24-8EC0-E0440CCFDA70}.ReleaseDLL|Win32.Build.0 = ReleaseDLL|Win32
		{1F26589B-FF9D-47A5-87FB-3D7041AD11CA}.Debug|Win32.ActiveCfg = Debug|Win32
		{1F26589B-FF9D-47A5-87FB-3D7041AD11CA}.Debug|Win32.Build.0 = Debug|Win32
		{1F26589B-FF9D-47A5-87FB-3D7041AD11CA}.DebugDLL|Win32.ActiveCfg = DebugDLL|Win32
		{1F26589B-FF9D-47A5-87FB-3D7041AD11CA}.DebugDLL|Win32.Build.0 = DebugDLL|Win32
		{1F26589B-FF9D-47A5-87FB-3D7041AD11CA}.Release|Win32.ActiveCfg = Release|Win32
		{1F26589B-FF9D-47A5-87FB-3D7041AD11CA}.Release|Win32.Build.0 = Release|Win32
		{1F26589B-FF9D-47A5-87FB-3D7041AD11CA}.ReleaseDLL|Win32.ActiveCfg = ReleaseDLL|Win32
		{1F26589B-FF9D-47A5-87FB-3D7041AD11CA}.ReleaseDLL|Win32.Build.0 = ReleaseDLL|Win32
	EndGlobalSection
	GlobalSection(SolutionProperties) = preSolution
		HideSolutionNode = FALSE
	EndGlobalSection
EndGlobal
