<?xml version="1.0" encoding="utf-8"?>
<Project ToolsVersion="4.0" xmlns="http://schemas.microsoft.com/developer/msbuild/2003">
  <ItemGroup>
    <Filter Include="ソース ファイル">
      <UniqueIdentifier>{4FC737F1-C7A5-4376-A066-2A32D752A2FF}</UniqueIdentifier>
      <Extensions>cpp;c;cc;cxx;def;odl;idl;hpj;bat;asm;asmx</Extensions>
    </Filter>
    <Filter Include="ソース ファイル\class">
      <UniqueIdentifier>{51984c57-735d-481f-9c0c-3f9949ee72bc}</UniqueIdentifier>
    </Filter>
    <Filter Include="ヘッダー ファイル">
      <UniqueIdentifier>{93995380-89BD-4b04-88EB-625FBE52EBFB}</UniqueIdentifier>
      <Extensions>h;hpp;hxx;hm;inl;inc;xsd</Extensions>
    </Filter>
    <Filter Include="リソース ファイル">
      <UniqueIdentifier>{67DA6AB6-F800-4c08-8B7A-83BB121AAD01}</UniqueIdentifier>
      <Extensions>rc;ico;cur;bmp;dlg;rc2;rct;bin;rgs;gif;jpg;jpeg;jpe;resx;tiff;tif;png;wav</Extensions>
    </Filter>
    <Filter Include="ソース ファイル\regex">
      <UniqueIdentifier>{d01bd8e8-7a3b-435f-bf58-b56c5073d842}</UniqueIdentifier>
    </Filter>
  </ItemGroup>
  <ItemGroup>
    <ClCompile Include="src\auto_string.cpp">
      <Filter>ソース ファイル</Filter>
    </ClCompile>
    <ClCompile Include="src\char.cpp">
      <Filter>ソース ファイル</Filter>
    </ClCompile>
    <ClCompile Include="src\charset.cpp">
      <Filter>ソース ファイル</Filter>
    </ClCompile>
    <ClCompile Include="src\cpp_swprintf.cpp">
      <Filter>ソース ファイル</Filter>
    </ClCompile>
    <ClCompile Include="src\md5.cpp">
      <Filter>ソース ファイル</Filter>
    </ClCompile>
    <ClCompile Include="src\TStaticString.cpp">
      <Filter>ソース ファイル</Filter>
    </ClCompile>
    <ClCompile Include="src\wchar.cpp">
      <Filter>ソース ファイル</Filter>
    </ClCompile>
    <ClCompile Include="src\CLightString.cpp">
      <Filter>ソース ファイル\class</Filter>
    </ClCompile>
    <ClCompile Include="src\myvector.cpp">
      <Filter>ソース ファイル</Filter>
    </ClCompile>
    <ClCompile Include="src\Regex.cpp">
      <Filter>ソース ファイル\regex</Filter>
    </ClCompile>
    <ClCompile Include="src\CRegex.cpp">
      <Filter>ソース ファイル\regex</Filter>
    </ClCompile>
    <ClCompile Include="src\mystring_funcs.cpp">
      <Filter>ソース ファイル</Filter>
    </ClCompile>
    <ClCompile Include="src\mywstring_funcs.cpp">
      <Filter>ソース ファイル</Filter>
    </ClCompile>
    <ClCompile Include="src\mystring.cpp">
      <Filter>ソース ファイル\class</Filter>
    </ClCompile>
  </ItemGroup>
  <ItemGroup>
    <ClInclude Include="src\auto_string.h">
      <Filter>ソース ファイル</Filter>
    </ClInclude>
    <ClInclude Include="src\char.h">
      <Filter>ソース ファイル</Filter>
    </ClInclude>
    <ClInclude Include="src\charset.h">
      <Filter>ソース ファイル</Filter>
    </ClInclude>
    <ClInclude Include="src\cpp_swprintf.h">
      <Filter>ソース ファイル</Filter>
    </ClInclude>
    <ClInclude Include="src\md5.h">
      <Filter>ソース ファイル</Filter>
    </ClInclude>
    <ClInclude Include="src\TStaticString.h">
      <Filter>ソース ファイル</Filter>
    </ClInclude>
    <ClInclude Include="src\wchar.h">
      <Filter>ソース ファイル</Filter>
    </ClInclude>
    <ClInclude Include="src\CLightString.h">
      <Filter>ソース ファイル\class</Filter>
    </ClInclude>
    <ClInclude Include="StringLib.h">
      <Filter>ヘッダー ファイル</Filter>
    </ClInclude>
    <ClInclude Include="src\myvector.h">
      <Filter>ソース ファイル</Filter>
    </ClInclude>
    <ClInclude Include="src\Regex.h">
      <Filter>ソース ファイル\regex</Filter>
    </ClInclude>
    <ClInclude Include="src\CRegex.h">
      <Filter>ソース ファイル\regex</Filter>
    </ClInclude>
    <ClInclude Include="src\mystring_funcs.h">
      <Filter>ソース ファイル</Filter>
    </ClInclude>
    <ClInclude Include="src\mywstring_funcs.h">
      <Filter>ソース ファイル</Filter>
    </ClInclude>
    <ClInclude Include="src\mystring.h">
      <Filter>ソース ファイル\class</Filter>
    </ClInclude>
  </ItemGroup>
</Project>